
Microsoft Visual Studio Solution File, Format Version 12.00
# Visual Studio Version 17
VisualStudioVersion = 17.7.34031.279
MinimumVisualStudioVersion = 10.0.40219.1
Project("{FAE04EC0-301F-11D3-BF4B-00C04F79EFBC}") = "Formulario 4 - P.A - IJCA", "Formulario 4 - P.A - IJCA\Formulario 4 - P.A - IJCA.csproj", "{55D07512-BF5E-47E3-8BAF-1CB848E8B0CC}"
EndProject
Global
	GlobalSection(SolutionConfigurationPlatforms) = preSolution
		Debug|Any CPU = Debug|Any CPU
		Release|Any CPU = Release|Any CPU
	EndGlobalSection
	GlobalSection(ProjectConfigurationPlatforms) = postSolution
		{55D07512-BF5E-47E3-8BAF-1CB848E8B0CC}.Debug|Any CPU.ActiveCfg = Debug|Any CPU
		{55D07512-BF5E-47E3-8BAF-1CB848E8B0CC}.Debug|Any CPU.Build.0 = Debug|Any CPU
		{55D07512-BF5E-47E3-8BAF-1CB848E8B0CC}.Release|Any CPU.ActiveCfg = Release|Any CPU
		{55D07512-BF5E-47E3-8BAF-1CB848E8B0CC}.Release|Any CPU.Build.0 = Release|Any CPU
	EndGlobalSection
	GlobalSection(SolutionProperties) = preSolution
		HideSolutionNode = FALSE
	EndGlobalSection
	GlobalSection(ExtensibilityGlobals) = postSolution
		SolutionGuid = {E7207BCF-0967-4072-8ACC-9FF3992012DF}
	EndGlobalSection
EndGlobal
